// !$*UTF8*$!
{
	archiveVersion = 1;
	classes = {
	};
	objectVersion = 56;
	objects = {

/* Begin PBXBuildFile section */
		CD4F33E02A2206FA00F6249C /* SuperHerosApp.swift in Sources */ = {isa = PBXBuildFile; fileRef = CD4F33DF2A2206FA00F6249C /* SuperHerosApp.swift */; };
		CD4F33E22A2206FA00F6249C /* ContentView.swift in Sources */ = {isa = PBXBuildFile; fileRef = CD4F33E12A2206FA00F6249C /* ContentView.swift */; };
		CD4F33E42A2206FB00F6249C /* Assets.xcassets in Resources */ = {isa = PBXBuildFile; fileRef = CD4F33E32A2206FB00F6249C /* Assets.xcassets */; };
		CD4F33E72A2206FB00F6249C /* Preview Assets.xcassets in Resources */ = {isa = PBXBuildFile; fileRef = CD4F33E62A2206FB00F6249C /* Preview Assets.xcassets */; };
		CD4F33EE2A220C2000F6249C /* chimeup.mp3 in Resources */ = {isa = PBXBuildFile; fileRef = CD4F33ED2A220C2000F6249C /* chimeup.mp3 */; };
		CD4F33F02A22153900F6249C /* SuperheroView.swift in Sources */ = {isa = PBXBuildFile; fileRef = CD4F33EF2A22153900F6249C /* SuperheroView.swift */; };
		CD4F33F22A2262BF00F6249C /* SuperHero.swift in Sources */ = {isa = PBXBuildFile; fileRef = CD4F33F12A2262BF00F6249C /* SuperHero.swift */; };
		CD4F33F42A22897700F6249C /* PlaySound.swift in Sources */ = {isa = PBXBuildFile; fileRef = CD4F33F32A22897700F6249C /* PlaySound.swift */; };
/* End PBXBuildFile section */

/* Begin PBXFileReference section */
		CD4F33DC2A2206FA00F6249C /* SuperHeros.app */ = {isa = PBXFileReference; explicitFileType = wrapper.application; includeInIndex = 0; path = SuperHeros.app; sourceTree = BUILT_PRODUCTS_DIR; };
		CD4F33DF2A2206FA00F6249C /* SuperHerosApp.swift */ = {isa = PBXFileReference; lastKnownFileType = sourcecode.swift; path = SuperHerosApp.swift; sourceTree = "<group>"; };
		CD4F33E12A2206FA00F6249C /* ContentView.swift */ = {isa = PBXFileReference; lastKnownFileType = sourcecode.swift; path = ContentView.swift; sourceTree = "<group>"; };
		CD4F33E32A2206FB00F6249C /* Assets.xcassets */ = {isa = PBXFileReference; lastKnownFileType = folder.assetcatalog; path = Assets.xcassets; sourceTree = "<group>"; };
		CD4F33E62A2206FB00F6249C /* Preview Assets.xcassets */ = {isa = PBXFileReference; lastKnownFileType = folder.assetcatalog; path = "Preview Assets.xcassets"; sourceTree = "<group>"; };
		CD4F33ED2A220C2000F6249C /* chimeup.mp3 */ = {isa = PBXFileReference; lastKnownFileType = audio.mp3; path = chimeup.mp3; sourceTree = "<group>"; };
		CD4F33EF2A22153900F6249C /* SuperheroView.swift */ = {isa = PBXFileReference; lastKnownFileType = sourcecode.swift; path = SuperheroView.swift; sourceTree = "<group>"; };
		CD4F33F12A2262BF00F6249C /* SuperHero.swift */ = {isa = PBXFileReference; lastKnownFileType = sourcecode.swift; path = SuperHero.swift; sourceTree = "<group>"; };
		CD4F33F32A22897700F6249C /* PlaySound.swift */ = {isa = PBXFileReference; lastKnownFileType = sourcecode.swift; path = PlaySound.swift; sourceTree = "<group>"; };
		CD4F33FA2A22908400F6249C /* Info.plist */ = {isa = PBXFileReference; lastKnownFileType = text.plist; path = Info.plist; sourceTree = "<group>"; };
/* End PBXFileReference section */

/* Begin PBXFrameworksBuildPhase section */
		CD4F33D92A2206FA00F6249C /* Frameworks */ = {
			isa = PBXFrameworksBuildPhase;
			buildActionMask = 2147483647;
			files = (
			);
			runOnlyForDeploymentPostprocessing = 0;
		};
/* End PBXFrameworksBuildPhase section */

/* Begin PBXGroup section */
		CD4F33D32A2206FA00F6249C = {
			isa = PBXGroup;
			children = (
				CD4F33DE2A2206FA00F6249C /* SuperHeros */,
				CD4F33DD2A2206FA00F6249C /* Products */,
			);
			sourceTree = "<group>";
		};
		CD4F33DD2A2206FA00F6249C /* Products */ = {
			isa = PBXGroup;
			children = (
				CD4F33DC2A2206FA00F6249C /* SuperHeros.app */,
			);
			name = Products;
			sourceTree = "<group>";
		};
		CD4F33DE2A2206FA00F6249C /* SuperHeros */ = {
			isa = PBXGroup;
			children = (
				CD4F33FA2A22908400F6249C /* Info.plist */,
				CD4F33F92A228EF200F6249C /* component */,
				CD4F33F82A228EAF00F6249C /* utilities */,
				CD4F33F72A228E9400F6249C /* model */,
				CD4F33F62A228E7300F6249C /* view */,
				CD4F33F52A228E5400F6249C /* sound */,
				CD4F33E32A2206FB00F6249C /* Assets.xcassets */,
				CD4F33E52A2206FB00F6249C /* Preview Content */,
			);
			path = SuperHeros;
			sourceTree = "<group>";
		};
		CD4F33E52A2206FB00F6249C /* Preview Content */ = {
			isa = PBXGroup;
			children = (
				CD4F33E62A2206FB00F6249C /* Preview Assets.xcassets */,
			);
			path = "Preview Content";
			sourceTree = "<group>";
		};
		CD4F33F52A228E5400F6249C /* sound */ = {
			isa = PBXGroup;
			children = (
				CD4F33ED2A220C2000F6249C /* chimeup.mp3 */,
			);
			path = sound;
			sourceTree = "<group>";
		};
		CD4F33F62A228E7300F6249C /* view */ = {
			isa = PBXGroup;
			children = (
				CD4F33DF2A2206FA00F6249C /* SuperHerosApp.swift */,
				CD4F33E12A2206FA00F6249C /* ContentView.swift */,
			);
			path = view;
			sourceTree = "<group>";
		};
		CD4F33F72A228E9400F6249C /* model */ = {
			isa = PBXGroup;
			children = (
				CD4F33F12A2262BF00F6249C /* SuperHero.swift */,
			);
			path = model;
			sourceTree = "<group>";
		};
		CD4F33F82A228EAF00F6249C /* utilities */ = {
			isa = PBXGroup;
			children = (
				CD4F33F32A22897700F6249C /* PlaySound.swift */,
			);
			path = utilities;
			sourceTree = "<group>";
		};
		CD4F33F92A228EF200F6249C /* component */ = {
			isa = PBXGroup;
			children = (
				CD4F33EF2A22153900F6249C /* SuperheroView.swift */,
			);
			path = component;
			sourceTree = "<group>";
		};
/* End PBXGroup section */

/* Begin PBXNativeTarget section */
		CD4F33DB2A2206FA00F6249C /* SuperHeros */ = {
			isa = PBXNativeTarget;
			buildConfigurationList = CD4F33EA2A2206FB00F6249C /* Build configuration list for PBXNativeTarget "SuperHeros" */;
			buildPhases = (
				CD4F33D82A2206FA00F6249C /* Sources */,
				CD4F33D92A2206FA00F6249C /* Frameworks */,
				CD4F33DA2A2206FA00F6249C /* Resources */,
			);
			buildRules = (
			);
			dependencies = (
			);
			name = SuperHeros;
			productName = SuperHeros;
			productReference = CD4F33DC2A2206FA00F6249C /* SuperHeros.app */;
			productType = "com.apple.product-type.application";
		};
/* End PBXNativeTarget section */

/* Begin PBXProject section */
		CD4F33D42A2206FA00F6249C /* Project object */ = {
			isa = PBXProject;
			attributes = {
				BuildIndependentTargetsInParallel = 1;
				LastSwiftUpdateCheck = 1430;
				LastUpgradeCheck = 1430;
				TargetAttributes = {
					CD4F33DB2A2206FA00F6249C = {
						CreatedOnToolsVersion = 14.3;
					};
				};
			};
			buildConfigurationList = CD4F33D72A2206FA00F6249C /* Build configuration list for PBXProject "SuperHeros" */;
			compatibilityVersion = "Xcode 14.0";
			developmentRegion = en;
			hasScannedForEncodings = 0;
			knownRegions = (
				en,
				Base,
			);
			mainGroup = CD4F33D32A2206FA00F6249C;
			productRefGroup = CD4F33DD2A2206FA00F6249C /* Products */;
			projectDirPath = "";
			projectRoot = "";
			targets = (
				CD4F33DB2A2206FA00F6249C /* SuperHeros */,
			);
		};
/* End PBXProject section */

/* Begin PBXResourcesBuildPhase section */
		CD4F33DA2A2206FA00F6249C /* Resources */ = {
			isa = PBXResourcesBuildPhase;
			buildActionMask = 2147483647;
			files = (
				CD4F33EE2A220C2000F6249C /* chimeup.mp3 in Resources */,
				CD4F33E72A2206FB00F6249C /* Preview Assets.xcassets in Resources */,
				CD4F33E42A2206FB00F6249C /* Assets.xcassets in Resources */,
			);
			runOnlyForDeploymentPostprocessing = 0;
		};
/* End PBXResourcesBuildPhase section */

/* Begin PBXSourcesBuildPhase section */
		CD4F33D82A2206FA00F6249C /* Sources */ = {
			isa = PBXSourcesBuildPhase;
			buildActionMask = 2147483647;
			files = (
				CD4F33F42A22897700F6249C /* PlaySound.swift in Sources */,
				CD4F33E22A2206FA00F6249C /* ContentView.swift in Sources */,
				CD4F33E02A2206FA00F6249C /* SuperHerosApp.swift in Sources */,
				CD4F33F02A22153900F6249C /* SuperheroView.swift in Sources */,
				CD4F33F22A2262BF00F6249C /* SuperHero.swift in Sources */,
			);
			runOnlyForDeploymentPostprocessing = 0;
		};
/* End PBXSourcesBuildPhase section */

/* Begin XCBuildConfiguration section */
		CD4F33E82A2206FB00F6249C /* Debug */ = {
			isa = XCBuildConfiguration;
			buildSettings = {
				ALWAYS_SEARCH_USER_PATHS = NO;
				CLANG_ANALYZER_NONNULL = YES;
				CLANG_ANALYZER_NUMBER_OBJECT_CONVERSION = YES_AGGRESSIVE;
				CLANG_CXX_LANGUAGE_STANDARD = "gnu++20";
				CLANG_ENABLE_MODULES = YES;
				CLANG_ENABLE_OBJC_ARC = YES;
				CLANG_ENABLE_OBJC_WEAK = YES;
				CLANG_WARN_BLOCK_CAPTURE_AUTORELEASING = YES;
				CLANG_WARN_BOOL_CONVERSION = YES;
				CLANG_WARN_COMMA = YES;
				CLANG_WARN_CONSTANT_CONVERSION = YES;
				CLANG_WARN_DEPRECATED_OBJC_IMPLEMENTATIONS = YES;
				CLANG_WARN_DIRECT_OBJC_ISA_USAGE = YES_ERROR;
				CLANG_WARN_DOCUMENTATION_COMMENTS = YES;
				CLANG_WARN_EMPTY_BODY = YES;
				CLANG_WARN_ENUM_CONVERSION = YES;
				CLANG_WARN_INFINITE_RECURSION = YES;
				CLANG_WARN_INT_CONVERSION = YES;
				CLANG_WARN_NON_LITERAL_NULL_CONVERSION = YES;
				CLANG_WARN_OBJC_IMPLICIT_RETAIN_SELF = YES;
				CLANG_WARN_OBJC_LITERAL_CONVERSION = YES;
				CLANG_WARN_OBJC_ROOT_CLASS = YES_ERROR;
				CLANG_WARN_QUOTED_INCLUDE_IN_FRAMEWORK_HEADER = YES;
				CLANG_WARN_RANGE_LOOP_ANALYSIS = YES;
				CLANG_WARN_STRICT_PROTOTYPES = YES;
				CLANG_WARN_SUSPICIOUS_MOVE = YES;
				CLANG_WARN_UNGUARDED_AVAILABILITY = YES_AGGRESSIVE;
				CLANG_WARN_UNREACHABLE_CODE = YES;
				CLANG_WARN__DUPLICATE_METHOD_MATCH = YES;
				COPY_PHASE_STRIP = NO;
				DEBUG_INFORMATION_FORMAT = dwarf;
				ENABLE_STRICT_OBJC_MSGSEND = YES;
				ENABLE_TESTABILITY = YES;
				GCC_C_LANGUAGE_STANDARD = gnu11;
				GCC_DYNAMIC_NO_PIC = NO;
				GCC_NO_COMMON_BLOCKS = YES;
				GCC_OPTIMIZATION_LEVEL = 0;
				GCC_PREPROCESSOR_DEFINITIONS = (
					"DEBUG=1",
					"$(inherited)",
				);
				GCC_WARN_64_TO_32_BIT_CONVERSION = YES;
				GCC_WARN_ABOUT_RETURN_TYPE = YES_ERROR;
				GCC_WARN_UNDECLARED_SELECTOR = YES;
				GCC_WARN_UNINITIALIZED_AUTOS = YES_AGGRESSIVE;
				GCC_WARN_UNUSED_FUNCTION = YES;
				GCC_WARN_UNUSED_VARIABLE = YES;
				IPHONEOS_DEPLOYMENT_TARGET = 16.4;
				MTL_ENABLE_DEBUG_INFO = INCLUDE_SOURCE;
				MTL_FAST_MATH = YES;
				ONLY_ACTIVE_ARCH = YES;
				SDKROOT = iphoneos;
				SWIFT_ACTIVE_COMPILATION_CONDITIONS = DEBUG;
				SWIFT_OPTIMIZATION_LEVEL = "-Onone";
			};
			name = Debug;
		};
		CD4F33E92A2206FB00F6249C /* Release */ = {
			isa = XCBuildConfiguration;
			buildSettings = {
				ALWAYS_SEARCH_USER_PATHS = NO;
				CLANG_ANALYZER_NONNULL = YES;
				CLANG_ANALYZER_NUMBER_OBJECT_CONVERSION = YES_AGGRESSIVE;
				CLANG_CXX_LANGUAGE_STANDARD = "gnu++20";
				CLANG_ENABLE_MODULES = YES;
				CLANG_ENABLE_OBJC_ARC = YES;
				CLANG_ENABLE_OBJC_WEAK = YES;
				CLANG_WARN_BLOCK_CAPTURE_AUTORELEASING = YES;
				CLANG_WARN_BOOL_CONVERSION = YES;
				CLANG_WARN_COMMA = YES;
				CLANG_WARN_CONSTANT_CONVERSION = YES;
				CLANG_WARN_DEPRECATED_OBJC_IMPLEMENTATIONS = YES;
				CLANG_WARN_DIRECT_OBJC_ISA_USAGE = YES_ERROR;
				CLANG_WARN_DOCUMENTATION_COMMENTS = YES;
				CLANG_WARN_EMPTY_BODY = YES;
				CLANG_WARN_ENUM_CONVERSION = YES;
				CLANG_WARN_INFINITE_RECURSION = YES;
				CLANG_WARN_INT_CONVERSION = YES;
				CLANG_WARN_NON_LITERAL_NULL_CONVERSION = YES;
				CLANG_WARN_OBJC_IMPLICIT_RETAIN_SELF = YES;
				CLANG_WARN_OBJC_LITERAL_CONVERSION = YES;
				CLANG_WARN_OBJC_ROOT_CLASS = YES_ERROR;
				CLANG_WARN_QUOTED_INCLUDE_IN_FRAMEWORK_HEADER = YES;
				CLANG_WARN_RANGE_LOOP_ANALYSIS = YES;
				CLANG_WARN_STRICT_PROTOTYPES = YES;
				CLANG_WARN_SUSPICIOUS_MOVE = YES;
				CLANG_WARN_UNGUARDED_AVAILABILITY = YES_AGGRESSIVE;
				CLANG_WARN_UNREACHABLE_CODE = YES;
				CLANG_WARN__DUPLICATE_METHOD_MATCH = YES;
				COPY_PHASE_STRIP = NO;
				DEBUG_INFORMATION_FORMAT = "dwarf-with-dsym";
				ENABLE_NS_ASSERTIONS = NO;
				ENABLE_STRICT_OBJC_MSGSEND = YES;
				GCC_C_LANGUAGE_STANDARD = gnu11;
				GCC_NO_COMMON_BLOCKS = YES;
				GCC_WARN_64_TO_32_BIT_CONVERSION = YES;
				GCC_WARN_ABOUT_RETURN_TYPE = YES_ERROR;
				GCC_WARN_UNDECLARED_SELECTOR = YES;
				GCC_WARN_UNINITIALIZED_AUTOS = YES_AGGRESSIVE;
				GCC_WARN_UNUSED_FUNCTION = YES;
				GCC_WARN_UNUSED_VARIABLE = YES;
				IPHONEOS_DEPLOYMENT_TARGET = 16.4;
				MTL_ENABLE_DEBUG_INFO = NO;
				MTL_FAST_MATH = YES;
				SDKROOT = iphoneos;
				SWIFT_COMPILATION_MODE = wholemodule;
				SWIFT_OPTIMIZATION_LEVEL = "-O";
				VALIDATE_PRODUCT = YES;
			};
			name = Release;
		};
		CD4F33EB2A2206FB00F6249C /* Debug */ = {
			isa = XCBuildConfiguration;
			buildSettings = {
				ASSETCATALOG_COMPILER_APPICON_NAME = AppIcon;
				ASSETCATALOG_COMPILER_GLOBAL_ACCENT_COLOR_NAME = AccentColor;
				CODE_SIGN_STYLE = Automatic;
				CURRENT_PROJECT_VERSION = 1;
				DEVELOPMENT_ASSET_PATHS = "\"SuperHeros/Preview Content\"";
				ENABLE_PREVIEWS = YES;
				GENERATE_INFOPLIST_FILE = YES;
				INFOPLIST_FILE = SuperHeros/Info.plist;
				INFOPLIST_KEY_LSApplicationCategoryType = "";
				INFOPLIST_KEY_UIApplicationSceneManifest_Generation = YES;
				INFOPLIST_KEY_UIApplicationSupportsIndirectInputEvents = YES;
				INFOPLIST_KEY_UILaunchScreen_Generation = YES;
				INFOPLIST_KEY_UISupportedInterfaceOrientations = UIInterfaceOrientationPortrait;
				LD_RUNPATH_SEARCH_PATHS = (
					"$(inherited)",
					"@executable_path/Frameworks",
				);
				MARKETING_VERSION = 1.0;
				PRODUCT_BUNDLE_IDENTIFIER = com.iosDevMo.SuperHeros;
				PRODUCT_NAME = "$(TARGET_NAME)";
				SWIFT_EMIT_LOC_STRINGS = YES;
				SWIFT_VERSION = 5.0;
				TARGETED_DEVICE_FAMILY = "1,2";
			};
			name = Debug;
		};
		CD4F33EC2A2206FB00F6249C /* Release */ = {
			isa = XCBuildConfiguration;
			buildSettings = {
				ASSETCATALOG_COMPILER_APPICON_NAME = AppIcon;
				ASSETCATALOG_COMPILER_GLOBAL_ACCENT_COLOR_NAME = AccentColor;
				CODE_SIGN_STYLE = Automatic;
				CURRENT_PROJECT_VERSION = 1;
				DEVELOPMENT_ASSET_PATHS = "\"SuperHeros/Preview Content\"";
				ENABLE_PREVIEWS = YES;
				GENERATE_INFOPLIST_FILE = YES;
				INFOPLIST_FILE = SuperHeros/Info.plist;
				INFOPLIST_KEY_LSApplicationCategoryType = "";
				INFOPLIST_KEY_UIApplicationSceneManifest_Generation = YES;
				INFOPLIST_KEY_UIApplicationSupportsIndirectInputEvents = YES;
				INFOPLIST_KEY_UILaunchScreen_Generation = YES;
				INFOPLIST_KEY_UISupportedInterfaceOrientations = UIInterfaceOrientationPortrait;
				LD_RUNPATH_SEARCH_PATHS = (
					"$(inherited)",
					"@executable_path/Frameworks",
				);
				MARKETING_VERSION = 1.0;
				PRODUCT_BUNDLE_IDENTIFIER = com.iosDevMo.SuperHeros;
				PRODUCT_NAME = "$(TARGET_NAME)";
				SWIFT_EMIT_LOC_STRINGS = YES;
				SWIFT_VERSION = 5.0;
				TARGETED_DEVICE_FAMILY = "1,2";
			};
			name = Release;
		};
/* End XCBuildConfiguration section */

/* Begin XCConfigurationList section */
		CD4F33D72A2206FA00F6249C /* Build configuration list for PBXProject "SuperHeros" */ = {
			isa = XCConfigurationList;
			buildConfigurations = (
				CD4F33E82A2206FB00F6249C /* Debug */,
				CD4F33E92A2206FB00F6249C /* Release */,
			);
			defaultConfigurationIsVisible = 0;
			defaultConfigurationName = Release;
		};
		CD4F33EA2A2206FB00F6249C /* Build configuration list for PBXNativeTarget "SuperHeros" */ = {
			isa = XCConfigurationList;
			buildConfigurations = (
				CD4F33EB2A2206FB00F6249C /* Debug */,
				CD4F33EC2A2206FB00F6249C /* Release */,
			);
			defaultConfigurationIsVisible = 0;
			defaultConfigurationName = Release;
		};
/* End XCConfigurationList section */
	};
	rootObject = CD4F33D42A2206FA00F6249C /* Project object */;
}
